
Microsoft Visual Studio Solution File, Format Version 12.00
# Visual Studio Version 16
VisualStudioVersion = 16.0.29230.47
MinimumVisualStudioVersion = 10.0.40219.1
Project("{FAE04EC0-301F-11D3-BF4B-00C04F79EFBC}") = "IntegrateExternalAPIService1", "IntegrateExternalAPIService1\IntegrateExternalAPIService1.csproj", "{3E45736B-9F66-47A1-8C6B-1093AF4866F1}"
EndProject
Global
	GlobalSection(SolutionConfigurationPlatforms) = preSolution
		Debug|Any CPU = Debug|Any CPU
		Release|Any CPU = Release|Any CPU
	EndGlobalSection
	GlobalSection(ProjectConfigurationPlatforms) = postSolution
		{3E45736B-9F66-47A1-8C6B-1093AF4866F1}.Debug|Any CPU.ActiveCfg = Debug|Any CPU
		{3E45736B-9F66-47A1-8C6B-1093AF4866F1}.Debug|Any CPU.Build.0 = Debug|Any CPU
		{3E45736B-9F66-47A1-8C6B-1093AF4866F1}.Release|Any CPU.ActiveCfg = Release|Any CPU
		{3E45736B-9F66-47A1-8C6B-1093AF4866F1}.Release|Any CPU.Build.0 = Release|Any CPU
	EndGlobalSection
	GlobalSection(SolutionProperties) = preSolution
		HideSolutionNode = FALSE
	EndGlobalSection
	GlobalSection(ExtensibilityGlobals) = postSolution
		SolutionGuid = {6D9A4284-24CA-427B-94C4-3B54798D9F04}
	EndGlobalSection
EndGlobal
